
Microsoft Visual Studio Solution File, Format Version 12.00
# Visual Studio Version 17
VisualStudioVersion = 17.11.35312.102
MinimumVisualStudioVersion = 10.0.40219.1
Project("{9A19103F-16F7-4668-BE54-9A1E7A4F7556}") = "acfour_yeray_rodriguez", "acfour_yeray_rodriguez\acfour_yeray_rodriguez.csproj", "{06B71543-9A70-46F0-9C64-3EE634EF89B9}"
EndProject
Project("{FAE04EC0-301F-11D3-BF4B-00C04F79EFBC}") = "Test acfour_yeray_rodriguez", "Test acfour_yeray_rodriguez\Test acfour_yeray_rodriguez.csproj", "{2651692F-A918-4C11-B64D-F5D4DCC4FD63}"
EndProject
Global
	GlobalSection(SolutionConfigurationPlatforms) = preSolution
		Debug|Any CPU = Debug|Any CPU
		Release|Any CPU = Release|Any CPU
	EndGlobalSection
	GlobalSection(ProjectConfigurationPlatforms) = postSolution
		{06B71543-9A70-46F0-9C64-3EE634EF89B9}.Debug|Any CPU.ActiveCfg = Debug|Any CPU
		{06B71543-9A70-46F0-9C64-3EE634EF89B9}.Debug|Any CPU.Build.0 = Debug|Any CPU
		{06B71543-9A70-46F0-9C64-3EE634EF89B9}.Release|Any CPU.ActiveCfg = Release|Any CPU
		{06B71543-9A70-46F0-9C64-3EE634EF89B9}.Release|Any CPU.Build.0 = Release|Any CPU
		{2651692F-A918-4C11-B64D-F5D4DCC4FD63}.Debug|Any CPU.ActiveCfg = Debug|Any CPU
		{2651692F-A918-4C11-B64D-F5D4DCC4FD63}.Debug|Any CPU.Build.0 = Debug|Any CPU
		{2651692F-A918-4C11-B64D-F5D4DCC4FD63}.Release|Any CPU.ActiveCfg = Release|Any CPU
		{2651692F-A918-4C11-B64D-F5D4DCC4FD63}.Release|Any CPU.Build.0 = Release|Any CPU
	EndGlobalSection
	GlobalSection(SolutionProperties) = preSolution
		HideSolutionNode = FALSE
	EndGlobalSection
	GlobalSection(ExtensibilityGlobals) = postSolution
		SolutionGuid = {E413A1F5-C99A-4A07-AA40-AF2D666D5B6E}
	EndGlobalSection
EndGlobal
